
Microsoft Visual Studio Solution File, Format Version 12.00
# Visual Studio Version 16
VisualStudioVersion = 16.0.29230.47
MinimumVisualStudioVersion = 10.0.40219.1
Project("{FAE04EC0-301F-11D3-BF4B-00C04F79EFBC}") = "E-Commerce Portal", "E-Commerce Portal\E-Commerce Portal.csproj", "{C98098FF-07A3-4164-9E70-EC8C814BCF4E}"
EndProject
Global
	GlobalSection(SolutionConfigurationPlatforms) = preSolution
		Debug|Any CPU = Debug|Any CPU
		Release|Any CPU = Release|Any CPU
	EndGlobalSection
	GlobalSection(ProjectConfigurationPlatforms) = postSolution
		{C98098FF-07A3-4164-9E70-EC8C814BCF4E}.Debug|Any CPU.ActiveCfg = Debug|Any CPU
		{C98098FF-07A3-4164-9E70-EC8C814BCF4E}.Debug|Any CPU.Build.0 = Debug|Any CPU
		{C98098FF-07A3-4164-9E70-EC8C814BCF4E}.Release|Any CPU.ActiveCfg = Release|Any CPU
		{C98098FF-07A3-4164-9E70-EC8C814BCF4E}.Release|Any CPU.Build.0 = Release|Any CPU
	EndGlobalSection
	GlobalSection(SolutionProperties) = preSolution
		HideSolutionNode = FALSE
	EndGlobalSection
	GlobalSection(ExtensibilityGlobals) = postSolution
		SolutionGuid = {3848F6BC-3EAA-4DFE-A21C-2E4ED68D6706}
	EndGlobalSection
EndGlobal
